{
  "name": "proto-playground",
  "version": "1.0.0",
  "lockfileVersion": 2,
  "requires": true,
  "packages": {
    "": {
      "version": "1.0.0",
      "license": "ISC",
      "dependencies": {
        "google-protobuf": "^3.17.1"
      },
      "devDependencies": {
        "typescript": "^4.3.2"
      }
    },
    "node_modules/google-protobuf": {
      "version": "3.17.1",
      "resolved": "https://registry.npmjs.org/google-protobuf/-/google-protobuf-3.17.1.tgz",
      "integrity": "sha512-CHisE5cwd66w6y/K4K7x2N+SSZ0HgPBQwky7lKsj2vr4nXPuXQ2uUZgMF/ctXnd4xHL747Lh8LUgby2nA8gViA=="
    },
    "node_modules/typescript": {
      "version": "4.3.2",
      "resolved": "https://registry.npmjs.org/typescript/-/typescript-4.3.2.tgz",
      "integrity": "sha512-zZ4hShnmnoVnAHpVHWpTcxdv7dWP60S2FsydQLV8V5PbS3FifjWFFRiHSWpDJahly88PRyV5teTSLoq4eG7mKw==",
      "dev": true,
      "bin": {
        "tsc": "bin/tsc",
        "tsserver": "bin/tsserver"
      },
      "engines": {
        "node": ">=4.2.0"
      }
    }
  },
  "dependencies": {
    "google-protobuf": {
      "version": "3.17.1",
      "resolved": "https://registry.npmjs.org/google-protobuf/-/google-protobuf-3.17.1.tgz",
      "integrity": "sha512-CHisE5cwd66w6y/K4K7x2N+SSZ0HgPBQwky7lKsj2vr4nXPuXQ2uUZgMF/ctXnd4xHL747Lh8LUgby2nA8gViA=="
    },
    "typescript": {
      "version": "4.3.2",
      "resolved": "https://registry.npmjs.org/typescript/-/typescript-4.3.2.tgz",
      "integrity": "sha512-zZ4hShnmnoVnAHpVHWpTcxdv7dWP60S2FsydQLV8V5PbS3FifjWFFRiHSWpDJahly88PRyV5teTSLoq4eG7mKw==",
      "dev": true
    }
  }
}
